// !$*UTF8*$!
{
	archiveVersion = 1;
	classes = {
	};
	objectVersion = 56;
	objects = {

/* Begin PBXBuildFile section */
		0C2516242972C68F00BEC9DE /* AppDelegate.swift in Sources */ = {isa = PBXBuildFile; fileRef = 0C2516232972C68F00BEC9DE /* AppDelegate.swift */; };
		0C2516262972C68F00BEC9DE /* SceneDelegate.swift in Sources */ = {isa = PBXBuildFile; fileRef = 0C2516252972C68F00BEC9DE /* SceneDelegate.swift */; };
		0C2516282972C68F00BEC9DE /* ViewController.swift in Sources */ = {isa = PBXBuildFile; fileRef = 0C2516272972C68F00BEC9DE /* ViewController.swift */; };
		0C25162B2972C68F00BEC9DE /* Main.storyboard in Resources */ = {isa = PBXBuildFile; fileRef = 0C2516292972C68F00BEC9DE /* Main.storyboard */; };
		0C25162D2972C69000BEC9DE /* Assets.xcassets in Resources */ = {isa = PBXBuildFile; fileRef = 0C25162C2972C69000BEC9DE /* Assets.xcassets */; };
		0C2516302972C69000BEC9DE /* LaunchScreen.storyboard in Resources */ = {isa = PBXBuildFile; fileRef = 0C25162E2972C69000BEC9DE /* LaunchScreen.storyboard */; };
		0C2516382972CDE900BEC9DE /* Extension + UIButton.swift in Sources */ = {isa = PBXBuildFile; fileRef = 0C2516372972CDE900BEC9DE /* Extension + UIButton.swift */; };
		0CC1424E297437D8003BA8F7 /* DataManager.swift in Sources */ = {isa = PBXBuildFile; fileRef = 0CC1424D297437D8003BA8F7 /* DataManager.swift */; };
		0CC14250297438B6003BA8F7 /* Animation.swift in Sources */ = {isa = PBXBuildFile; fileRef = 0CC1424F297438B6003BA8F7 /* Animation.swift */; };
		BB2C299AD8A7022BAB17D368 /* Pods_AnimatorAplicatiom.framework in Frameworks */ = {isa = PBXBuildFile; fileRef = EF1DE5A44816AE41C043C542 /* Pods_AnimatorAplicatiom.framework */; };
/* End PBXBuildFile section */

/* Begin PBXFileReference section */
		0C2516202972C68F00BEC9DE /* AnimatorAplication.app */ = {isa = PBXFileReference; explicitFileType = wrapper.application; includeInIndex = 0; path = AnimatorAplication.app; sourceTree = BUILT_PRODUCTS_DIR; };
		0C2516232972C68F00BEC9DE /* AppDelegate.swift */ = {isa = PBXFileReference; lastKnownFileType = sourcecode.swift; path = AppDelegate.swift; sourceTree = "<group>"; };
		0C2516252972C68F00BEC9DE /* SceneDelegate.swift */ = {isa = PBXFileReference; lastKnownFileType = sourcecode.swift; path = SceneDelegate.swift; sourceTree = "<group>"; };
		0C2516272972C68F00BEC9DE /* ViewController.swift */ = {isa = PBXFileReference; lastKnownFileType = sourcecode.swift; path = ViewController.swift; sourceTree = "<group>"; };
		0C25162A2972C68F00BEC9DE /* Base */ = {isa = PBXFileReference; lastKnownFileType = file.storyboard; name = Base; path = Base.lproj/Main.storyboard; sourceTree = "<group>"; };
		0C25162C2972C69000BEC9DE /* Assets.xcassets */ = {isa = PBXFileReference; lastKnownFileType = folder.assetcatalog; path = Assets.xcassets; sourceTree = "<group>"; };
		0C25162F2972C69000BEC9DE /* Base */ = {isa = PBXFileReference; lastKnownFileType = file.storyboard; name = Base; path = Base.lproj/LaunchScreen.storyboard; sourceTree = "<group>"; };
		0C2516312972C69000BEC9DE /* Info.plist */ = {isa = PBXFileReference; lastKnownFileType = text.plist.xml; path = Info.plist; sourceTree = "<group>"; };
		0C2516372972CDE900BEC9DE /* Extension + UIButton.swift */ = {isa = PBXFileReference; lastKnownFileType = sourcecode.swift; path = "Extension + UIButton.swift"; sourceTree = "<group>"; };
		0CC1424D297437D8003BA8F7 /* DataManager.swift */ = {isa = PBXFileReference; lastKnownFileType = sourcecode.swift; path = DataManager.swift; sourceTree = "<group>"; };
		0CC1424F297438B6003BA8F7 /* Animation.swift */ = {isa = PBXFileReference; lastKnownFileType = sourcecode.swift; path = Animation.swift; sourceTree = "<group>"; };
		119A48E9769ADD69FA5D2992 /* Pods-AnimatorAplicatiom.release.xcconfig */ = {isa = PBXFileReference; includeInIndex = 1; lastKnownFileType = text.xcconfig; name = "Pods-AnimatorAplicatiom.release.xcconfig"; path = "Target Support Files/Pods-AnimatorAplicatiom/Pods-AnimatorAplicatiom.release.xcconfig"; sourceTree = "<group>"; };
		3C997CD35C5B05C71984EF86 /* Pods-AnimatorAplicatiom.debug.xcconfig */ = {isa = PBXFileReference; includeInIndex = 1; lastKnownFileType = text.xcconfig; name = "Pods-AnimatorAplicatiom.debug.xcconfig"; path = "Target Support Files/Pods-AnimatorAplicatiom/Pods-AnimatorAplicatiom.debug.xcconfig"; sourceTree = "<group>"; };
		EF1DE5A44816AE41C043C542 /* Pods_AnimatorAplicatiom.framework */ = {isa = PBXFileReference; explicitFileType = wrapper.framework; includeInIndex = 0; path = Pods_AnimatorAplicatiom.framework; sourceTree = BUILT_PRODUCTS_DIR; };
/* End PBXFileReference section */

/* Begin PBXFrameworksBuildPhase section */
		0C25161D2972C68F00BEC9DE /* Frameworks */ = {
			isa = PBXFrameworksBuildPhase;
			buildActionMask = 2147483647;
			files = (
				BB2C299AD8A7022BAB17D368 /* Pods_AnimatorAplicatiom.framework in Frameworks */,
			);
			runOnlyForDeploymentPostprocessing = 0;
		};
/* End PBXFrameworksBuildPhase section */

/* Begin PBXGroup section */
		0C2516172972C68F00BEC9DE = {
			isa = PBXGroup;
			children = (
				0C2516222972C68F00BEC9DE /* AnimatorAplicatiom */,
				0C2516212972C68F00BEC9DE /* Products */,
				1A019479FCFAD09BD2A673D1 /* Pods */,
				FCE4564557A52EBE17C25938 /* Frameworks */,
			);
			sourceTree = "<group>";
		};
		0C2516212972C68F00BEC9DE /* Products */ = {
			isa = PBXGroup;
			children = (
				0C2516202972C68F00BEC9DE /* AnimatorAplication.app */,
			);
			name = Products;
			sourceTree = "<group>";
		};
		0C2516222972C68F00BEC9DE /* AnimatorAplicatiom */ = {
			isa = PBXGroup;
			children = (
				0C2516232972C68F00BEC9DE /* AppDelegate.swift */,
				0C2516252972C68F00BEC9DE /* SceneDelegate.swift */,
				0C2516272972C68F00BEC9DE /* ViewController.swift */,
				0C2516372972CDE900BEC9DE /* Extension + UIButton.swift */,
				0CC1424D297437D8003BA8F7 /* DataManager.swift */,
				0CC1424F297438B6003BA8F7 /* Animation.swift */,
				0C2516292972C68F00BEC9DE /* Main.storyboard */,
				0C25162C2972C69000BEC9DE /* Assets.xcassets */,
				0C25162E2972C69000BEC9DE /* LaunchScreen.storyboard */,
				0C2516312972C69000BEC9DE /* Info.plist */,
			);
			path = AnimatorAplicatiom;
			sourceTree = "<group>";
		};
		1A019479FCFAD09BD2A673D1 /* Pods */ = {
			isa = PBXGroup;
			children = (
				3C997CD35C5B05C71984EF86 /* Pods-AnimatorAplicatiom.debug.xcconfig */,
				119A48E9769ADD69FA5D2992 /* Pods-AnimatorAplicatiom.release.xcconfig */,
			);
			path = Pods;
			sourceTree = "<group>";
		};
		FCE4564557A52EBE17C25938 /* Frameworks */ = {
			isa = PBXGroup;
			children = (
				EF1DE5A44816AE41C043C542 /* Pods_AnimatorAplicatiom.framework */,
			);
			name = Frameworks;
			sourceTree = "<group>";
		};
/* End PBXGroup section */

/* Begin PBXNativeTarget section */
		0C25161F2972C68F00BEC9DE /* AnimatorAplication */ = {
			isa = PBXNativeTarget;
			buildConfigurationList = 0C2516342972C69000BEC9DE /* Build configuration list for PBXNativeTarget "AnimatorAplication" */;
			buildPhases = (
				5F8916C562557D353FE40633 /* [CP] Check Pods Manifest.lock */,
				0C25161C2972C68F00BEC9DE /* Sources */,
				0C25161D2972C68F00BEC9DE /* Frameworks */,
				0C25161E2972C68F00BEC9DE /* Resources */,
				021AE85419A75F6BAABAFB5F /* [CP] Embed Pods Frameworks */,
			);
			buildRules = (
			);
			dependencies = (
			);
			name = AnimatorAplication;
			productName = AnimatorAplicatiom;
			productReference = 0C2516202972C68F00BEC9DE /* AnimatorAplication.app */;
			productType = "com.apple.product-type.application";
		};
/* End PBXNativeTarget section */

/* Begin PBXProject section */
		0C2516182972C68F00BEC9DE /* Project object */ = {
			isa = PBXProject;
			attributes = {
				BuildIndependentTargetsInParallel = 1;
				LastSwiftUpdateCheck = 1420;
				LastUpgradeCheck = 1420;
				TargetAttributes = {
					0C25161F2972C68F00BEC9DE = {
						CreatedOnToolsVersion = 14.2;
					};
				};
			};
			buildConfigurationList = 0C25161B2972C68F00BEC9DE /* Build configuration list for PBXProject "AnimatorAplication" */;
			compatibilityVersion = "Xcode 14.0";
			developmentRegion = en;
			hasScannedForEncodings = 0;
			knownRegions = (
				en,
				Base,
			);
			mainGroup = 0C2516172972C68F00BEC9DE;
			productRefGroup = 0C2516212972C68F00BEC9DE /* Products */;
			projectDirPath = "";
			projectRoot = "";
			targets = (
				0C25161F2972C68F00BEC9DE /* AnimatorAplication */,
			);
		};
/* End PBXProject section */

/* Begin PBXResourcesBuildPhase section */
		0C25161E2972C68F00BEC9DE /* Resources */ = {
			isa = PBXResourcesBuildPhase;
			buildActionMask = 2147483647;
			files = (
				0C2516302972C69000BEC9DE /* LaunchScreen.storyboard in Resources */,
				0C25162D2972C69000BEC9DE /* Assets.xcassets in Resources */,
				0C25162B2972C68F00BEC9DE /* Main.storyboard in Resources */,
			);
			runOnlyForDeploymentPostprocessing = 0;
		};
/* End PBXResourcesBuildPhase section */

/* Begin PBXShellScriptBuildPhase section */
		021AE85419A75F6BAABAFB5F /* [CP] Embed Pods Frameworks */ = {
			isa = PBXShellScriptBuildPhase;
			buildActionMask = 2147483647;
			files = (
			);
			inputFileListPaths = (
				"${PODS_ROOT}/Target Support Files/Pods-AnimatorAplicatiom/Pods-AnimatorAplicatiom-frameworks-${CONFIGURATION}-input-files.xcfilelist",
			);
			name = "[CP] Embed Pods Frameworks";
			outputFileListPaths = (
				"${PODS_ROOT}/Target Support Files/Pods-AnimatorAplicatiom/Pods-AnimatorAplicatiom-frameworks-${CONFIGURATION}-output-files.xcfilelist",
			);
			runOnlyForDeploymentPostprocessing = 0;
			shellPath = /bin/sh;
			shellScript = "\"${PODS_ROOT}/Target Support Files/Pods-AnimatorAplicatiom/Pods-AnimatorAplicatiom-frameworks.sh\"\n";
			showEnvVarsInLog = 0;
		};
		5F8916C562557D353FE40633 /* [CP] Check Pods Manifest.lock */ = {
			isa = PBXShellScriptBuildPhase;
			buildActionMask = 2147483647;
			files = (
			);
			inputFileListPaths = (
			);
			inputPaths = (
				"${PODS_PODFILE_DIR_PATH}/Podfile.lock",
				"${PODS_ROOT}/Manifest.lock",
			);
			name = "[CP] Check Pods Manifest.lock";
			outputFileListPaths = (
			);
			outputPaths = (
				"$(DERIVED_FILE_DIR)/Pods-AnimatorAplicatiom-checkManifestLockResult.txt",
			);
			runOnlyForDeploymentPostprocessing = 0;
			shellPath = /bin/sh;
			shellScript = "diff \"${PODS_PODFILE_DIR_PATH}/Podfile.lock\" \"${PODS_ROOT}/Manifest.lock\" > /dev/null\nif [ $? != 0 ] ; then\n    # print error to STDERR\n    echo \"error: The sandbox is not in sync with the Podfile.lock. Run 'pod install' or update your CocoaPods installation.\" >&2\n    exit 1\nfi\n# This output is used by Xcode 'outputs' to avoid re-running this script phase.\necho \"SUCCESS\" > \"${SCRIPT_OUTPUT_FILE_0}\"\n";
			showEnvVarsInLog = 0;
		};
/* End PBXShellScriptBuildPhase section */

/* Begin PBXSourcesBuildPhase section */
		0C25161C2972C68F00BEC9DE /* Sources */ = {
			isa = PBXSourcesBuildPhase;
			buildActionMask = 2147483647;
			files = (
				0C2516282972C68F00BEC9DE /* ViewController.swift in Sources */,
				0CC1424E297437D8003BA8F7 /* DataManager.swift in Sources */,
				0C2516242972C68F00BEC9DE /* AppDelegate.swift in Sources */,
				0C2516262972C68F00BEC9DE /* SceneDelegate.swift in Sources */,
				0CC14250297438B6003BA8F7 /* Animation.swift in Sources */,
				0C2516382972CDE900BEC9DE /* Extension + UIButton.swift in Sources */,
			);
			runOnlyForDeploymentPostprocessing = 0;
		};
/* End PBXSourcesBuildPhase section */

/* Begin PBXVariantGroup section */
		0C2516292972C68F00BEC9DE /* Main.storyboard */ = {
			isa = PBXVariantGroup;
			children = (
				0C25162A2972C68F00BEC9DE /* Base */,
			);
			name = Main.storyboard;
			sourceTree = "<group>";
		};
		0C25162E2972C69000BEC9DE /* LaunchScreen.storyboard */ = {
			isa = PBXVariantGroup;
			children = (
				0C25162F2972C69000BEC9DE /* Base */,
			);
			name = LaunchScreen.storyboard;
			sourceTree = "<group>";
		};
/* End PBXVariantGroup section */

/* Begin XCBuildConfiguration section */
		0C2516322972C69000BEC9DE /* Debug */ = {
			isa = XCBuildConfiguration;
			buildSettings = {
				ALWAYS_SEARCH_USER_PATHS = NO;
				CLANG_ANALYZER_NONNULL = YES;
				CLANG_ANALYZER_NUMBER_OBJECT_CONVERSION = YES_AGGRESSIVE;
				CLANG_CXX_LANGUAGE_STANDARD = "gnu++20";
				CLANG_ENABLE_MODULES = YES;
				CLANG_ENABLE_OBJC_ARC = YES;
				CLANG_ENABLE_OBJC_WEAK = YES;
				CLANG_WARN_BLOCK_CAPTURE_AUTORELEASING = YES;
				CLANG_WARN_BOOL_CONVERSION = YES;
				CLANG_WARN_COMMA = YES;
				CLANG_WARN_CONSTANT_CONVERSION = YES;
				CLANG_WARN_DEPRECATED_OBJC_IMPLEMENTATIONS = YES;
				CLANG_WARN_DIRECT_OBJC_ISA_USAGE = YES_ERROR;
				CLANG_WARN_DOCUMENTATION_COMMENTS = YES;
				CLANG_WARN_EMPTY_BODY = YES;
				CLANG_WARN_ENUM_CONVERSION = YES;
				CLANG_WARN_INFINITE_RECURSION = YES;
				CLANG_WARN_INT_CONVERSION = YES;
				CLANG_WARN_NON_LITERAL_NULL_CONVERSION = YES;
				CLANG_WARN_OBJC_IMPLICIT_RETAIN_SELF = YES;
				CLANG_WARN_OBJC_LITERAL_CONVERSION = YES;
				CLANG_WARN_OBJC_ROOT_CLASS = YES_ERROR;
				CLANG_WARN_QUOTED_INCLUDE_IN_FRAMEWORK_HEADER = YES;
				CLANG_WARN_RANGE_LOOP_ANALYSIS = YES;
				CLANG_WARN_STRICT_PROTOTYPES = YES;
				CLANG_WARN_SUSPICIOUS_MOVE = YES;
				CLANG_WARN_UNGUARDED_AVAILABILITY = YES_AGGRESSIVE;
				CLANG_WARN_UNREACHABLE_CODE = YES;
				CLANG_WARN__DUPLICATE_METHOD_MATCH = YES;
				COPY_PHASE_STRIP = NO;
				DEBUG_INFORMATION_FORMAT = dwarf;
				ENABLE_STRICT_OBJC_MSGSEND = YES;
				ENABLE_TESTABILITY = YES;
				GCC_C_LANGUAGE_STANDARD = gnu11;
				GCC_DYNAMIC_NO_PIC = NO;
				GCC_NO_COMMON_BLOCKS = YES;
				GCC_OPTIMIZATION_LEVEL = 0;
				GCC_PREPROCESSOR_DEFINITIONS = (
					"DEBUG=1",
					"$(inherited)",
				);
				GCC_WARN_64_TO_32_BIT_CONVERSION = YES;
				GCC_WARN_ABOUT_RETURN_TYPE = YES_ERROR;
				GCC_WARN_UNDECLARED_SELECTOR = YES;
				GCC_WARN_UNINITIALIZED_AUTOS = YES_AGGRESSIVE;
				GCC_WARN_UNUSED_FUNCTION = YES;
				GCC_WARN_UNUSED_VARIABLE = YES;
				IPHONEOS_DEPLOYMENT_TARGET = 16.2;
				MTL_ENABLE_DEBUG_INFO = INCLUDE_SOURCE;
				MTL_FAST_MATH = YES;
				ONLY_ACTIVE_ARCH = YES;
				SDKROOT = iphoneos;
				SWIFT_ACTIVE_COMPILATION_CONDITIONS = DEBUG;
				SWIFT_OPTIMIZATION_LEVEL = "-Onone";
			};
			name = Debug;
		};
		0C2516332972C69000BEC9DE /* Release */ = {
			isa = XCBuildConfiguration;
			buildSettings = {
				ALWAYS_SEARCH_USER_PATHS = NO;
				CLANG_ANALYZER_NONNULL = YES;
				CLANG_ANALYZER_NUMBER_OBJECT_CONVERSION = YES_AGGRESSIVE;
				CLANG_CXX_LANGUAGE_STANDARD = "gnu++20";
				CLANG_ENABLE_MODULES = YES;
				CLANG_ENABLE_OBJC_ARC = YES;
				CLANG_ENABLE_OBJC_WEAK = YES;
				CLANG_WARN_BLOCK_CAPTURE_AUTORELEASING = YES;
				CLANG_WARN_BOOL_CONVERSION = YES;
				CLANG_WARN_COMMA = YES;
				CLANG_WARN_CONSTANT_CONVERSION = YES;
				CLANG_WARN_DEPRECATED_OBJC_IMPLEMENTATIONS = YES;
				CLANG_WARN_DIRECT_OBJC_ISA_USAGE = YES_ERROR;
				CLANG_WARN_DOCUMENTATION_COMMENTS = YES;
				CLANG_WARN_EMPTY_BODY = YES;
				CLANG_WARN_ENUM_CONVERSION = YES;
				CLANG_WARN_INFINITE_RECURSION = YES;
				CLANG_WARN_INT_CONVERSION = YES;
				CLANG_WARN_NON_LITERAL_NULL_CONVERSION = YES;
				CLANG_WARN_OBJC_IMPLICIT_RETAIN_SELF = YES;
				CLANG_WARN_OBJC_LITERAL_CONVERSION = YES;
				CLANG_WARN_OBJC_ROOT_CLASS = YES_ERROR;
				CLANG_WARN_QUOTED_INCLUDE_IN_FRAMEWORK_HEADER = YES;
				CLANG_WARN_RANGE_LOOP_ANALYSIS = YES;
				CLANG_WARN_STRICT_PROTOTYPES = YES;
				CLANG_WARN_SUSPICIOUS_MOVE = YES;
				CLANG_WARN_UNGUARDED_AVAILABILITY = YES_AGGRESSIVE;
				CLANG_WARN_UNREACHABLE_CODE = YES;
				CLANG_WARN__DUPLICATE_METHOD_MATCH = YES;
				COPY_PHASE_STRIP = NO;
				DEBUG_INFORMATION_FORMAT = "dwarf-with-dsym";
				ENABLE_NS_ASSERTIONS = NO;
				ENABLE_STRICT_OBJC_MSGSEND = YES;
				GCC_C_LANGUAGE_STANDARD = gnu11;
				GCC_NO_COMMON_BLOCKS = YES;
				GCC_WARN_64_TO_32_BIT_CONVERSION = YES;
				GCC_WARN_ABOUT_RETURN_TYPE = YES_ERROR;
				GCC_WARN_UNDECLARED_SELECTOR = YES;
				GCC_WARN_UNINITIALIZED_AUTOS = YES_AGGRESSIVE;
				GCC_WARN_UNUSED_FUNCTION = YES;
				GCC_WARN_UNUSED_VARIABLE = YES;
				IPHONEOS_DEPLOYMENT_TARGET = 16.2;
				MTL_ENABLE_DEBUG_INFO = NO;
				MTL_FAST_MATH = YES;
				SDKROOT = iphoneos;
				SWIFT_COMPILATION_MODE = wholemodule;
				SWIFT_OPTIMIZATION_LEVEL = "-O";
				VALIDATE_PRODUCT = YES;
			};
			name = Release;
		};
		0C2516352972C69000BEC9DE /* Debug */ = {
			isa = XCBuildConfiguration;
			baseConfigurationReference = 3C997CD35C5B05C71984EF86 /* Pods-AnimatorAplicatiom.debug.xcconfig */;
			buildSettings = {
				ASSETCATALOG_COMPILER_APPICON_NAME = AppIcon;
				ASSETCATALOG_COMPILER_GLOBAL_ACCENT_COLOR_NAME = AccentColor;
				CODE_SIGN_STYLE = Automatic;
				CURRENT_PROJECT_VERSION = 1;
				DEVELOPMENT_TEAM = 8YUV48A6RV;
				GENERATE_INFOPLIST_FILE = YES;
				INFOPLIST_FILE = AnimatorAplicatiom/Info.plist;
				INFOPLIST_KEY_UIApplicationSupportsIndirectInputEvents = YES;
				INFOPLIST_KEY_UILaunchStoryboardName = LaunchScreen;
				INFOPLIST_KEY_UIMainStoryboardFile = Main;
				INFOPLIST_KEY_UISupportedInterfaceOrientations_iPad = "UIInterfaceOrientationPortrait UIInterfaceOrientationPortraitUpsideDown UIInterfaceOrientationLandscapeLeft UIInterfaceOrientationLandscapeRight";
				INFOPLIST_KEY_UISupportedInterfaceOrientations_iPhone = "UIInterfaceOrientationPortrait UIInterfaceOrientationLandscapeLeft UIInterfaceOrientationLandscapeRight";
				LD_RUNPATH_SEARCH_PATHS = (
					"$(inherited)",
					"@executable_path/Frameworks",
				);
				MARKETING_VERSION = 1.0;
				PRODUCT_BUNDLE_IDENTIFIER = "-21.AnimatorAplication";
				PRODUCT_NAME = "$(TARGET_NAME)";
				SWIFT_EMIT_LOC_STRINGS = YES;
				SWIFT_VERSION = 5.0;
				TARGETED_DEVICE_FAMILY = "1,2";
			};
			name = Debug;
		};
		0C2516362972C69000BEC9DE /* Release */ = {
			isa = XCBuildConfiguration;
			baseConfigurationReference = 119A48E9769ADD69FA5D2992 /* Pods-AnimatorAplicatiom.release.xcconfig */;
			buildSettings = {
				ASSETCATALOG_COMPILER_APPICON_NAME = AppIcon;
				ASSETCATALOG_COMPILER_GLOBAL_ACCENT_COLOR_NAME = AccentColor;
				CODE_SIGN_STYLE = Automatic;
				CURRENT_PROJECT_VERSION = 1;
				DEVELOPMENT_TEAM = 8YUV48A6RV;
				GENERATE_INFOPLIST_FILE = YES;
				INFOPLIST_FILE = AnimatorAplicatiom/Info.plist;
				INFOPLIST_KEY_UIApplicationSupportsIndirectInputEvents = YES;
				INFOPLIST_KEY_UILaunchStoryboardName = LaunchScreen;
				INFOPLIST_KEY_UIMainStoryboardFile = Main;
				INFOPLIST_KEY_UISupportedInterfaceOrientations_iPad = "UIInterfaceOrientationPortrait UIInterfaceOrientationPortraitUpsideDown UIInterfaceOrientationLandscapeLeft UIInterfaceOrientationLandscapeRight";
				INFOPLIST_KEY_UISupportedInterfaceOrientations_iPhone = "UIInterfaceOrientationPortrait UIInterfaceOrientationLandscapeLeft UIInterfaceOrientationLandscapeRight";
				LD_RUNPATH_SEARCH_PATHS = (
					"$(inherited)",
					"@executable_path/Frameworks",
				);
				MARKETING_VERSION = 1.0;
				PRODUCT_BUNDLE_IDENTIFIER = "-21.AnimatorAplication";
				PRODUCT_NAME = "$(TARGET_NAME)";
				SWIFT_EMIT_LOC_STRINGS = YES;
				SWIFT_VERSION = 5.0;
				TARGETED_DEVICE_FAMILY = "1,2";
			};
			name = Release;
		};
/* End XCBuildConfiguration section */

/* Begin XCConfigurationList section */
		0C25161B2972C68F00BEC9DE /* Build configuration list for PBXProject "AnimatorAplication" */ = {
			isa = XCConfigurationList;
			buildConfigurations = (
				0C2516322972C69000BEC9DE /* Debug */,
				0C2516332972C69000BEC9DE /* Release */,
			);
			defaultConfigurationIsVisible = 0;
			defaultConfigurationName = Release;
		};
		0C2516342972C69000BEC9DE /* Build configuration list for PBXNativeTarget "AnimatorAplication" */ = {
			isa = XCConfigurationList;
			buildConfigurations = (
				0C2516352972C69000BEC9DE /* Debug */,
				0C2516362972C69000BEC9DE /* Release */,
			);
			defaultConfigurationIsVisible = 0;
			defaultConfigurationName = Release;
		};
/* End XCConfigurationList section */
	};
	rootObject = 0C2516182972C68F00BEC9DE /* Project object */;
}
